// !$*UTF8*$!
{
	archiveVersion = 1;
	classes = {
	};
	objectVersion = 46;
	objects = {

/* Begin PBXBuildFile section */
		444F5AB11DE2F580004D8E41 /* AppDelegate.swift in Sources */ = {isa = PBXBuildFile; fileRef = 444F5AB01DE2F580004D8E41 /* AppDelegate.swift */; };
		444F5AB31DE2F580004D8E41 /* ViewController.swift in Sources */ = {isa = PBXBuildFile; fileRef = 444F5AB21DE2F580004D8E41 /* ViewController.swift */; };
		444F5AB61DE2F580004D8E41 /* Main.storyboard in Resources */ = {isa = PBXBuildFile; fileRef = 444F5AB41DE2F580004D8E41 /* Main.storyboard */; };
		444F5AB81DE2F580004D8E41 /* Assets.xcassets in Resources */ = {isa = PBXBuildFile; fileRef = 444F5AB71DE2F580004D8E41 /* Assets.xcassets */; };
		444F5ABB1DE2F580004D8E41 /* LaunchScreen.storyboard in Resources */ = {isa = PBXBuildFile; fileRef = 444F5AB91DE2F580004D8E41 /* LaunchScreen.storyboard */; };
/* End PBXBuildFile section */

/* Begin PBXFileReference section */
		444F5AAD1DE2F580004D8E41 /* HomeworkTableView.app */ = {isa = PBXFileReference; explicitFileType = wrapper.application; includeInIndex = 0; path = HomeworkTableView.app; sourceTree = BUILT_PRODUCTS_DIR; };
		444F5AB01DE2F580004D8E41 /* AppDelegate.swift */ = {isa = PBXFileReference; lastKnownFileType = sourcecode.swift; path = AppDelegate.swift; sourceTree = "<group>"; };
		444F5AB21DE2F580004D8E41 /* ViewController.swift */ = {isa = PBXFileReference; lastKnownFileType = sourcecode.swift; path = ViewController.swift; sourceTree = "<group>"; };
		444F5AB51DE2F580004D8E41 /* Base */ = {isa = PBXFileReference; lastKnownFileType = file.storyboard; name = Base; path = Base.lproj/Main.storyboard; sourceTree = "<group>"; };
		444F5AB71DE2F580004D8E41 /* Assets.xcassets */ = {isa = PBXFileReference; lastKnownFileType = folder.assetcatalog; path = Assets.xcassets; sourceTree = "<group>"; };
		444F5ABA1DE2F580004D8E41 /* Base */ = {isa = PBXFileReference; lastKnownFileType = file.storyboard; name = Base; path = Base.lproj/LaunchScreen.storyboard; sourceTree = "<group>"; };
		444F5ABC1DE2F580004D8E41 /* Info.plist */ = {isa = PBXFileReference; lastKnownFileType = text.plist.xml; path = Info.plist; sourceTree = "<group>"; };
/* End PBXFileReference section */

/* Begin PBXFrameworksBuildPhase section */
		444F5AAA1DE2F580004D8E41 /* Frameworks */ = {
			isa = PBXFrameworksBuildPhase;
			buildActionMask = 2147483647;
			files = (
			);
			runOnlyForDeploymentPostprocessing = 0;
		};
/* End PBXFrameworksBuildPhase section */

/* Begin PBXGroup section */
		444F5AA41DE2F580004D8E41 = {
			isa = PBXGroup;
			children = (
				444F5AAF1DE2F580004D8E41 /* HomeworkTableView */,
				444F5AAE1DE2F580004D8E41 /* Products */,
			);
			sourceTree = "<group>";
		};
		444F5AAE1DE2F580004D8E41 /* Products */ = {
			isa = PBXGroup;
			children = (
				444F5AAD1DE2F580004D8E41 /* HomeworkTableView.app */,
			);
			name = Products;
			sourceTree = "<group>";
		};
		444F5AAF1DE2F580004D8E41 /* HomeworkTableView */ = {
			isa = PBXGroup;
			children = (
				444F5AB01DE2F580004D8E41 /* AppDelegate.swift */,
				444F5AB21DE2F580004D8E41 /* ViewController.swift */,
				444F5AB41DE2F580004D8E41 /* Main.storyboard */,
				444F5AB71DE2F580004D8E41 /* Assets.xcassets */,
				444F5AB91DE2F580004D8E41 /* LaunchScreen.storyboard */,
				444F5ABC1DE2F580004D8E41 /* Info.plist */,
			);
			path = HomeworkTableView;
			sourceTree = "<group>";
		};
/* End PBXGroup section */

/* Begin PBXNativeTarget section */
		444F5AAC1DE2F580004D8E41 /* HomeworkTableView */ = {
			isa = PBXNativeTarget;
			buildConfigurationList = 444F5ABF1DE2F580004D8E41 /* Build configuration list for PBXNativeTarget "HomeworkTableView" */;
			buildPhases = (
				444F5AA91DE2F580004D8E41 /* Sources */,
				444F5AAA1DE2F580004D8E41 /* Frameworks */,
				444F5AAB1DE2F580004D8E41 /* Resources */,
			);
			buildRules = (
			);
			dependencies = (
			);
			name = HomeworkTableView;
			productName = HomeworkTableView;
			productReference = 444F5AAD1DE2F580004D8E41 /* HomeworkTableView.app */;
			productType = "com.apple.product-type.application";
		};
/* End PBXNativeTarget section */

/* Begin PBXProject section */
		444F5AA51DE2F580004D8E41 /* Project object */ = {
			isa = PBXProject;
			attributes = {
				LastSwiftUpdateCheck = 0800;
				LastUpgradeCheck = 0800;
				ORGANIZATIONNAME = IOSDeveloper;
				TargetAttributes = {
					444F5AAC1DE2F580004D8E41 = {
						CreatedOnToolsVersion = 8.0;
						DevelopmentTeam = DEE97ABVRX;
						ProvisioningStyle = Automatic;
					};
				};
			};
			buildConfigurationList = 444F5AA81DE2F580004D8E41 /* Build configuration list for PBXProject "HomeworkTableView" */;
			compatibilityVersion = "Xcode 3.2";
			developmentRegion = English;
			hasScannedForEncodings = 0;
			knownRegions = (
				en,
				Base,
			);
			mainGroup = 444F5AA41DE2F580004D8E41;
			productRefGroup = 444F5AAE1DE2F580004D8E41 /* Products */;
			projectDirPath = "";
			projectRoot = "";
			targets = (
				444F5AAC1DE2F580004D8E41 /* HomeworkTableView */,
			);
		};
/* End PBXProject section */

/* Begin PBXResourcesBuildPhase section */
		444F5AAB1DE2F580004D8E41 /* Resources */ = {
			isa = PBXResourcesBuildPhase;
			buildActionMask = 2147483647;
			files = (
				444F5ABB1DE2F580004D8E41 /* LaunchScreen.storyboard in Resources */,
				444F5AB81DE2F580004D8E41 /* Assets.xcassets in Resources */,
				444F5AB61DE2F580004D8E41 /* Main.storyboard in Resources */,
			);
			runOnlyForDeploymentPostprocessing = 0;
		};
/* End PBXResourcesBuildPhase section */

/* Begin PBXSourcesBuildPhase section */
		444F5AA91DE2F580004D8E41 /* Sources */ = {
			isa = PBXSourcesBuildPhase;
			buildActionMask = 2147483647;
			files = (
				444F5AB31DE2F580004D8E41 /* ViewController.swift in Sources */,
				444F5AB11DE2F580004D8E41 /* AppDelegate.swift in Sources */,
			);
			runOnlyForDeploymentPostprocessing = 0;
		};
/* End PBXSourcesBuildPhase section */

/* Begin PBXVariantGroup section */
		444F5AB41DE2F580004D8E41 /* Main.storyboard */ = {
			isa = PBXVariantGroup;
			children = (
				444F5AB51DE2F580004D8E41 /* Base */,
			);
			name = Main.storyboard;
			sourceTree = "<group>";
		};
		444F5AB91DE2F580004D8E41 /* LaunchScreen.storyboard */ = {
			isa = PBXVariantGroup;
			children = (
				444F5ABA1DE2F580004D8E41 /* Base */,
			);
			name = LaunchScreen.storyboard;
			sourceTree = "<group>";
		};
/* End PBXVariantGroup section */

/* Begin XCBuildConfiguration section */
		444F5ABD1DE2F580004D8E41 /* Debug */ = {
			isa = XCBuildConfiguration;
			buildSettings = {
				ALWAYS_SEARCH_USER_PATHS = NO;
				CLANG_ANALYZER_NONNULL = YES;
				CLANG_CXX_LANGUAGE_STANDARD = "gnu++0x";
				CLANG_CXX_LIBRARY = "libc++";
				CLANG_ENABLE_MODULES = YES;
				CLANG_ENABLE_OBJC_ARC = YES;
				CLANG_WARN_BOOL_CONVERSION = YES;
				CLANG_WARN_CONSTANT_CONVERSION = YES;
				CLANG_WARN_DIRECT_OBJC_ISA_USAGE = YES_ERROR;
				CLANG_WARN_DOCUMENTATION_COMMENTS = YES;
				CLANG_WARN_EMPTY_BODY = YES;
				CLANG_WARN_ENUM_CONVERSION = YES;
				CLANG_WARN_INFINITE_RECURSION = YES;
				CLANG_WARN_INT_CONVERSION = YES;
				CLANG_WARN_OBJC_ROOT_CLASS = YES_ERROR;
				CLANG_WARN_SUSPICIOUS_MOVES = YES;
				CLANG_WARN_UNREACHABLE_CODE = YES;
				CLANG_WARN__DUPLICATE_METHOD_MATCH = YES;
				"CODE_SIGN_IDENTITY[sdk=iphoneos*]" = "iPhone Developer";
				COPY_PHASE_STRIP = NO;
				DEBUG_INFORMATION_FORMAT = dwarf;
				ENABLE_STRICT_OBJC_MSGSEND = YES;
				ENABLE_TESTABILITY = YES;
				GCC_C_LANGUAGE_STANDARD = gnu99;
				GCC_DYNAMIC_NO_PIC = NO;
				GCC_NO_COMMON_BLOCKS = YES;
				GCC_OPTIMIZATION_LEVEL = 0;
				GCC_PREPROCESSOR_DEFINITIONS = (
					"DEBUG=1",
					"$(inherited)",
				);
				GCC_WARN_64_TO_32_BIT_CONVERSION = YES;
				GCC_WARN_ABOUT_RETURN_TYPE = YES_ERROR;
				GCC_WARN_UNDECLARED_SELECTOR = YES;
				GCC_WARN_UNINITIALIZED_AUTOS = YES_AGGRESSIVE;
				GCC_WARN_UNUSED_FUNCTION = YES;
				GCC_WARN_UNUSED_VARIABLE = YES;
				IPHONEOS_DEPLOYMENT_TARGET = 10.0;
				MTL_ENABLE_DEBUG_INFO = YES;
				ONLY_ACTIVE_ARCH = YES;
				SDKROOT = iphoneos;
				SWIFT_ACTIVE_COMPILATION_CONDITIONS = DEBUG;
				SWIFT_OPTIMIZATION_LEVEL = "-Onone";
				TARGETED_DEVICE_FAMILY = "1,2";
			};
			name = Debug;
		};
		444F5ABE1DE2F580004D8E41 /* Release */ = {
			isa = XCBuildConfiguration;
			buildSettings = {
				ALWAYS_SEARCH_USER_PATHS = NO;
				CLANG_ANALYZER_NONNULL = YES;
				CLANG_CXX_LANGUAGE_STANDARD = "gnu++0x";
				CLANG_CXX_LIBRARY = "libc++";
				CLANG_ENABLE_MODULES = YES;
				CLANG_ENABLE_OBJC_ARC = YES;
				CLANG_WARN_BOOL_CONVERSION = YES;
				CLANG_WARN_CONSTANT_CONVERSION = YES;
				CLANG_WARN_DIRECT_OBJC_ISA_USAGE = YES_ERROR;
				CLANG_WARN_DOCUMENTATION_COMMENTS = YES;
				CLANG_WARN_EMPTY_BODY = YES;
				CLANG_WARN_ENUM_CONVERSION = YES;
				CLANG_WARN_INFINITE_RECURSION = YES;
				CLANG_WARN_INT_CONVERSION = YES;
				CLANG_WARN_OBJC_ROOT_CLASS = YES_ERROR;
				CLANG_WARN_SUSPICIOUS_MOVES = YES;
				CLANG_WARN_UNREACHABLE_CODE = YES;
				CLANG_WARN__DUPLICATE_METHOD_MATCH = YES;
				"CODE_SIGN_IDENTITY[sdk=iphoneos*]" = "iPhone Developer";
				COPY_PHASE_STRIP = NO;
				DEBUG_INFORMATION_FORMAT = "dwarf-with-dsym";
				ENABLE_NS_ASSERTIONS = NO;
				ENABLE_STRICT_OBJC_MSGSEND = YES;
				GCC_C_LANGUAGE_STANDARD = gnu99;
				GCC_NO_COMMON_BLOCKS = YES;
				GCC_WARN_64_TO_32_BIT_CONVERSION = YES;
				GCC_WARN_ABOUT_RETURN_TYPE = YES_ERROR;
				GCC_WARN_UNDECLARED_SELECTOR = YES;
				GCC_WARN_UNINITIALIZED_AUTOS = YES_AGGRESSIVE;
				GCC_WARN_UNUSED_FUNCTION = YES;
				GCC_WARN_UNUSED_VARIABLE = YES;
				IPHONEOS_DEPLOYMENT_TARGET = 10.0;
				MTL_ENABLE_DEBUG_INFO = NO;
				SDKROOT = iphoneos;
				SWIFT_OPTIMIZATION_LEVEL = "-Owholemodule";
				TARGETED_DEVICE_FAMILY = "1,2";
				VALIDATE_PRODUCT = YES;
			};
			name = Release;
		};
		444F5AC01DE2F580004D8E41 /* Debug */ = {
			isa = XCBuildConfiguration;
			buildSettings = {
				ASSETCATALOG_COMPILER_APPICON_NAME = AppIcon;
				DEVELOPMENT_TEAM = DEE97ABVRX;
				INFOPLIST_FILE = HomeworkTableView/Info.plist;
				LD_RUNPATH_SEARCH_PATHS = "$(inherited) @executable_path/Frameworks";
				PRODUCT_BUNDLE_IDENTIFIER = test.HomeworkTableView;
				PRODUCT_NAME = "$(TARGET_NAME)";
				SWIFT_VERSION = 3.0;
			};
			name = Debug;
		};
		444F5AC11DE2F580004D8E41 /* Release */ = {
			isa = XCBuildConfiguration;
			buildSettings = {
				ASSETCATALOG_COMPILER_APPICON_NAME = AppIcon;
				DEVELOPMENT_TEAM = DEE97ABVRX;
				INFOPLIST_FILE = HomeworkTableView/Info.plist;
				LD_RUNPATH_SEARCH_PATHS = "$(inherited) @executable_path/Frameworks";
				PRODUCT_BUNDLE_IDENTIFIER = test.HomeworkTableView;
				PRODUCT_NAME = "$(TARGET_NAME)";
				SWIFT_VERSION = 3.0;
			};
			name = Release;
		};
/* End XCBuildConfiguration section */

/* Begin XCConfigurationList section */
		444F5AA81DE2F580004D8E41 /* Build configuration list for PBXProject "HomeworkTableView" */ = {
			isa = XCConfigurationList;
			buildConfigurations = (
				444F5ABD1DE2F580004D8E41 /* Debug */,
				444F5ABE1DE2F580004D8E41 /* Release */,
			);
			defaultConfigurationIsVisible = 0;
			defaultConfigurationName = Release;
		};
		444F5ABF1DE2F580004D8E41 /* Build configuration list for PBXNativeTarget "HomeworkTableView" */ = {
			isa = XCConfigurationList;
			buildConfigurations = (
				444F5AC01DE2F580004D8E41 /* Debug */,
				444F5AC11DE2F580004D8E41 /* Release */,
			);
			defaultConfigurationIsVisible = 0;
		};
/* End XCConfigurationList section */
	};
	rootObject = 444F5AA51DE2F580004D8E41 /* Project object */;
}
